
Microsoft Visual Studio Solution File, Format Version 12.00
# Visual Studio Version 17
VisualStudioVersion = 17.2.32210.308
MinimumVisualStudioVersion = 10.0.40219.1
Project("{9A19103F-16F7-4668-BE54-9A1E7A4F7556}") = "Midi", "Midi\Midi.csproj", "{0D380EEA-E76A-4F52-A47A-64AC5A9333D5}"
EndProject
Project("{9A19103F-16F7-4668-BE54-9A1E7A4F7556}") = "BaseCom", "BaseCom\BaseCom.csproj", "{542DA25E-AB8B-4A8E-A406-C86CEDA02AF0}"
EndProject
Project("{9A19103F-16F7-4668-BE54-9A1E7A4F7556}") = "LiveMidiServer", "LiveMidiServer\LiveMidiServer.csproj", "{64AD633E-ADB1-4575-A9E4-4004F6552830}"
EndProject
Project("{9A19103F-16F7-4668-BE54-9A1E7A4F7556}") = "LiveMidiClient", "LiveMidiClient\LiveMidiClient.csproj", "{8298795A-C9B8-460A-9407-DFCA6305C946}"
EndProject
Global
	GlobalSection(SolutionConfigurationPlatforms) = preSolution
		Debug|Any CPU = Debug|Any CPU
		Release|Any CPU = Release|Any CPU
	EndGlobalSection
	GlobalSection(ProjectConfigurationPlatforms) = postSolution
		{0D380EEA-E76A-4F52-A47A-64AC5A9333D5}.Debug|Any CPU.ActiveCfg = Debug|Any CPU
		{0D380EEA-E76A-4F52-A47A-64AC5A9333D5}.Debug|Any CPU.Build.0 = Debug|Any CPU
		{0D380EEA-E76A-4F52-A47A-64AC5A9333D5}.Release|Any CPU.ActiveCfg = Release|Any CPU
		{0D380EEA-E76A-4F52-A47A-64AC5A9333D5}.Release|Any CPU.Build.0 = Release|Any CPU
		{542DA25E-AB8B-4A8E-A406-C86CEDA02AF0}.Debug|Any CPU.ActiveCfg = Debug|Any CPU
		{542DA25E-AB8B-4A8E-A406-C86CEDA02AF0}.Debug|Any CPU.Build.0 = Debug|Any CPU
		{542DA25E-AB8B-4A8E-A406-C86CEDA02AF0}.Release|Any CPU.ActiveCfg = Release|Any CPU
		{542DA25E-AB8B-4A8E-A406-C86CEDA02AF0}.Release|Any CPU.Build.0 = Release|Any CPU
		{64AD633E-ADB1-4575-A9E4-4004F6552830}.Debug|Any CPU.ActiveCfg = Debug|Any CPU
		{64AD633E-ADB1-4575-A9E4-4004F6552830}.Debug|Any CPU.Build.0 = Debug|Any CPU
		{64AD633E-ADB1-4575-A9E4-4004F6552830}.Release|Any CPU.ActiveCfg = Release|Any CPU
		{64AD633E-ADB1-4575-A9E4-4004F6552830}.Release|Any CPU.Build.0 = Release|Any CPU
		{8298795A-C9B8-460A-9407-DFCA6305C946}.Debug|Any CPU.ActiveCfg = Debug|Any CPU
		{8298795A-C9B8-460A-9407-DFCA6305C946}.Debug|Any CPU.Build.0 = Debug|Any CPU
		{8298795A-C9B8-460A-9407-DFCA6305C946}.Release|Any CPU.ActiveCfg = Release|Any CPU
		{8298795A-C9B8-460A-9407-DFCA6305C946}.Release|Any CPU.Build.0 = Release|Any CPU
	EndGlobalSection
	GlobalSection(SolutionProperties) = preSolution
		HideSolutionNode = FALSE
	EndGlobalSection
	GlobalSection(ExtensibilityGlobals) = postSolution
		SolutionGuid = {29BBC6CE-B859-4E09-852F-0FA7D650D339}
	EndGlobalSection
EndGlobal
